// !$*UTF8*$!
{
	archiveVersion = 1;
	classes = {
	};
	objectVersion = 56;
	objects = {

/* Begin PBXBuildFile section */
		A5D17EA92C5FD81400DDD595 /* DataServices.swift in Sources */ = {isa = PBXBuildFile; fileRef = A5D17EA82C5FD81400DDD595 /* DataServices.swift */; };
		A5D17EAD2C6182AB00DDD595 /* campusCard.swift in Sources */ = {isa = PBXBuildFile; fileRef = A5D17EAC2C6182AB00DDD595 /* campusCard.swift */; };
		A5D17EB02C61963900DDD595 /* DataBase.json in Resources */ = {isa = PBXBuildFile; fileRef = A5D17EAF2C61963900DDD595 /* DataBase.json */; };
		A5D54C7E2C38CA83004249E1 /* OSU_Guide_BookApp.swift in Sources */ = {isa = PBXBuildFile; fileRef = A5D54C7D2C38CA83004249E1 /* OSU_Guide_BookApp.swift */; };
		A5D54C802C38CA83004249E1 /* compusView.swift in Sources */ = {isa = PBXBuildFile; fileRef = A5D54C7F2C38CA83004249E1 /* compusView.swift */; };
		A5D54C822C38CA84004249E1 /* Assets.xcassets in Resources */ = {isa = PBXBuildFile; fileRef = A5D54C812C38CA84004249E1 /* Assets.xcassets */; };
		A5D54C852C38CA84004249E1 /* Preview Assets.xcassets in Resources */ = {isa = PBXBuildFile; fileRef = A5D54C842C38CA84004249E1 /* Preview Assets.xcassets */; };
		A5F545082C44282800B1E0A9 /* placeListView.swift in Sources */ = {isa = PBXBuildFile; fileRef = A5F545072C44282800B1E0A9 /* placeListView.swift */; };
		A5F5450A2C44286600B1E0A9 /* placeDetailView.swift in Sources */ = {isa = PBXBuildFile; fileRef = A5F545092C44286600B1E0A9 /* placeDetailView.swift */; };
		A5F5450C2C442B2800B1E0A9 /* Campus.swift in Sources */ = {isa = PBXBuildFile; fileRef = A5F5450B2C442B2800B1E0A9 /* Campus.swift */; };
		A5F5450E2C442F2300B1E0A9 /* place.swift in Sources */ = {isa = PBXBuildFile; fileRef = A5F5450D2C442F2300B1E0A9 /* place.swift */; };
		A5F545102C44383100B1E0A9 /* placeRowView.swift in Sources */ = {isa = PBXBuildFile; fileRef = A5F5450F2C44383100B1E0A9 /* placeRowView.swift */; };
/* End PBXBuildFile section */

/* Begin PBXFileReference section */
		A5D17EA82C5FD81400DDD595 /* DataServices.swift */ = {isa = PBXFileReference; lastKnownFileType = sourcecode.swift; path = DataServices.swift; sourceTree = "<group>"; };
		A5D17EAC2C6182AB00DDD595 /* campusCard.swift */ = {isa = PBXFileReference; lastKnownFileType = sourcecode.swift; name = campusCard.swift; path = ../campusCard.swift; sourceTree = "<group>"; };
		A5D17EAF2C61963900DDD595 /* DataBase.json */ = {isa = PBXFileReference; fileEncoding = 4; lastKnownFileType = text.json; path = DataBase.json; sourceTree = "<group>"; };
		A5D54C7A2C38CA83004249E1 /* OSU Guide Book.app */ = {isa = PBXFileReference; explicitFileType = wrapper.application; includeInIndex = 0; path = "OSU Guide Book.app"; sourceTree = BUILT_PRODUCTS_DIR; };
		A5D54C7D2C38CA83004249E1 /* OSU_Guide_BookApp.swift */ = {isa = PBXFileReference; lastKnownFileType = sourcecode.swift; path = OSU_Guide_BookApp.swift; sourceTree = "<group>"; };
		A5D54C7F2C38CA83004249E1 /* compusView.swift */ = {isa = PBXFileReference; lastKnownFileType = sourcecode.swift; path = compusView.swift; sourceTree = "<group>"; };
		A5D54C812C38CA84004249E1 /* Assets.xcassets */ = {isa = PBXFileReference; lastKnownFileType = folder.assetcatalog; path = Assets.xcassets; sourceTree = "<group>"; };
		A5D54C842C38CA84004249E1 /* Preview Assets.xcassets */ = {isa = PBXFileReference; lastKnownFileType = folder.assetcatalog; path = "Preview Assets.xcassets"; sourceTree = "<group>"; };
		A5F545072C44282800B1E0A9 /* placeListView.swift */ = {isa = PBXFileReference; lastKnownFileType = sourcecode.swift; path = placeListView.swift; sourceTree = "<group>"; };
		A5F545092C44286600B1E0A9 /* placeDetailView.swift */ = {isa = PBXFileReference; lastKnownFileType = sourcecode.swift; path = placeDetailView.swift; sourceTree = "<group>"; };
		A5F5450B2C442B2800B1E0A9 /* Campus.swift */ = {isa = PBXFileReference; lastKnownFileType = sourcecode.swift; path = Campus.swift; sourceTree = "<group>"; };
		A5F5450D2C442F2300B1E0A9 /* place.swift */ = {isa = PBXFileReference; lastKnownFileType = sourcecode.swift; path = place.swift; sourceTree = "<group>"; };
		A5F5450F2C44383100B1E0A9 /* placeRowView.swift */ = {isa = PBXFileReference; lastKnownFileType = sourcecode.swift; path = placeRowView.swift; sourceTree = "<group>"; };
/* End PBXFileReference section */

/* Begin PBXFrameworksBuildPhase section */
		A5D54C772C38CA83004249E1 /* Frameworks */ = {
			isa = PBXFrameworksBuildPhase;
			buildActionMask = 2147483647;
			files = (
			);
			runOnlyForDeploymentPostprocessing = 0;
		};
/* End PBXFrameworksBuildPhase section */

/* Begin PBXGroup section */
		A5D54C712C38CA83004249E1 = {
			isa = PBXGroup;
			children = (
				A5D54C7C2C38CA83004249E1 /* OSU Guide Book */,
				A5D54C7B2C38CA83004249E1 /* Products */,
			);
			sourceTree = "<group>";
		};
		A5D54C7B2C38CA83004249E1 /* Products */ = {
			isa = PBXGroup;
			children = (
				A5D54C7A2C38CA83004249E1 /* OSU Guide Book.app */,
			);
			name = Products;
			sourceTree = "<group>";
		};
		A5D54C7C2C38CA83004249E1 /* OSU Guide Book */ = {
			isa = PBXGroup;
			children = (
				A5D54C7D2C38CA83004249E1 /* OSU_Guide_BookApp.swift */,
				A5D54C7F2C38CA83004249E1 /* compusView.swift */,
				A5F545072C44282800B1E0A9 /* placeListView.swift */,
				A5F5450F2C44383100B1E0A9 /* placeRowView.swift */,
				A5F545092C44286600B1E0A9 /* placeDetailView.swift */,
				A5D17EAC2C6182AB00DDD595 /* campusCard.swift */,
				A5F5450B2C442B2800B1E0A9 /* Campus.swift */,
				A5F5450D2C442F2300B1E0A9 /* place.swift */,
				A5D17EA82C5FD81400DDD595 /* DataServices.swift */,
				A5D17EAF2C61963900DDD595 /* DataBase.json */,
				A5D54C812C38CA84004249E1 /* Assets.xcassets */,
				A5D54C832C38CA84004249E1 /* Preview Content */,
			);
			path = "OSU Guide Book";
			sourceTree = "<group>";
		};
		A5D54C832C38CA84004249E1 /* Preview Content */ = {
			isa = PBXGroup;
			children = (
				A5D54C842C38CA84004249E1 /* Preview Assets.xcassets */,
			);
			path = "Preview Content";
			sourceTree = "<group>";
		};
/* End PBXGroup section */

/* Begin PBXNativeTarget section */
		A5D54C792C38CA83004249E1 /* OSU Guide Book */ = {
			isa = PBXNativeTarget;
			buildConfigurationList = A5D54C882C38CA84004249E1 /* Build configuration list for PBXNativeTarget "OSU Guide Book" */;
			buildPhases = (
				A5D54C762C38CA83004249E1 /* Sources */,
				A5D54C772C38CA83004249E1 /* Frameworks */,
				A5D54C782C38CA83004249E1 /* Resources */,
			);
			buildRules = (
			);
			dependencies = (
			);
			name = "OSU Guide Book";
			productName = "OSU Guide Book";
			productReference = A5D54C7A2C38CA83004249E1 /* OSU Guide Book.app */;
			productType = "com.apple.product-type.application";
		};
/* End PBXNativeTarget section */

/* Begin PBXProject section */
		A5D54C722C38CA83004249E1 /* Project object */ = {
			isa = PBXProject;
			attributes = {
				BuildIndependentTargetsInParallel = 1;
				LastSwiftUpdateCheck = 1540;
				LastUpgradeCheck = 1540;
				TargetAttributes = {
					A5D54C792C38CA83004249E1 = {
						CreatedOnToolsVersion = 15.4;
					};
				};
			};
			buildConfigurationList = A5D54C752C38CA83004249E1 /* Build configuration list for PBXProject "OSU Guide Book" */;
			compatibilityVersion = "Xcode 14.0";
			developmentRegion = en;
			hasScannedForEncodings = 0;
			knownRegions = (
				en,
				Base,
			);
			mainGroup = A5D54C712C38CA83004249E1;
			productRefGroup = A5D54C7B2C38CA83004249E1 /* Products */;
			projectDirPath = "";
			projectRoot = "";
			targets = (
				A5D54C792C38CA83004249E1 /* OSU Guide Book */,
			);
		};
/* End PBXProject section */

/* Begin PBXResourcesBuildPhase section */
		A5D54C782C38CA83004249E1 /* Resources */ = {
			isa = PBXResourcesBuildPhase;
			buildActionMask = 2147483647;
			files = (
				A5D17EB02C61963900DDD595 /* DataBase.json in Resources */,
				A5D54C852C38CA84004249E1 /* Preview Assets.xcassets in Resources */,
				A5D54C822C38CA84004249E1 /* Assets.xcassets in Resources */,
			);
			runOnlyForDeploymentPostprocessing = 0;
		};
/* End PBXResourcesBuildPhase section */

/* Begin PBXSourcesBuildPhase section */
		A5D54C762C38CA83004249E1 /* Sources */ = {
			isa = PBXSourcesBuildPhase;
			buildActionMask = 2147483647;
			files = (
				A5D54C802C38CA83004249E1 /* compusView.swift in Sources */,
				A5F545082C44282800B1E0A9 /* placeListView.swift in Sources */,
				A5D54C7E2C38CA83004249E1 /* OSU_Guide_BookApp.swift in Sources */,
				A5D17EA92C5FD81400DDD595 /* DataServices.swift in Sources */,
				A5F5450E2C442F2300B1E0A9 /* place.swift in Sources */,
				A5F5450A2C44286600B1E0A9 /* placeDetailView.swift in Sources */,
				A5F545102C44383100B1E0A9 /* placeRowView.swift in Sources */,
				A5D17EAD2C6182AB00DDD595 /* campusCard.swift in Sources */,
				A5F5450C2C442B2800B1E0A9 /* Campus.swift in Sources */,
			);
			runOnlyForDeploymentPostprocessing = 0;
		};
/* End PBXSourcesBuildPhase section */

/* Begin XCBuildConfiguration section */
		A5D54C862C38CA84004249E1 /* Debug */ = {
			isa = XCBuildConfiguration;
			buildSettings = {
				ALWAYS_SEARCH_USER_PATHS = NO;
				ASSETCATALOG_COMPILER_GENERATE_SWIFT_ASSET_SYMBOL_EXTENSIONS = YES;
				CLANG_ANALYZER_NONNULL = YES;
				CLANG_ANALYZER_NUMBER_OBJECT_CONVERSION = YES_AGGRESSIVE;
				CLANG_CXX_LANGUAGE_STANDARD = "gnu++20";
				CLANG_ENABLE_MODULES = YES;
				CLANG_ENABLE_OBJC_ARC = YES;
				CLANG_ENABLE_OBJC_WEAK = YES;
				CLANG_WARN_BLOCK_CAPTURE_AUTORELEASING = YES;
				CLANG_WARN_BOOL_CONVERSION = YES;
				CLANG_WARN_COMMA = YES;
				CLANG_WARN_CONSTANT_CONVERSION = YES;
				CLANG_WARN_DEPRECATED_OBJC_IMPLEMENTATIONS = YES;
				CLANG_WARN_DIRECT_OBJC_ISA_USAGE = YES_ERROR;
				CLANG_WARN_DOCUMENTATION_COMMENTS = YES;
				CLANG_WARN_EMPTY_BODY = YES;
				CLANG_WARN_ENUM_CONVERSION = YES;
				CLANG_WARN_INFINITE_RECURSION = YES;
				CLANG_WARN_INT_CONVERSION = YES;
				CLANG_WARN_NON_LITERAL_NULL_CONVERSION = YES;
				CLANG_WARN_OBJC_IMPLICIT_RETAIN_SELF = YES;
				CLANG_WARN_OBJC_LITERAL_CONVERSION = YES;
				CLANG_WARN_OBJC_ROOT_CLASS = YES_ERROR;
				CLANG_WARN_QUOTED_INCLUDE_IN_FRAMEWORK_HEADER = YES;
				CLANG_WARN_RANGE_LOOP_ANALYSIS = YES;
				CLANG_WARN_STRICT_PROTOTYPES = YES;
				CLANG_WARN_SUSPICIOUS_MOVE = YES;
				CLANG_WARN_UNGUARDED_AVAILABILITY = YES_AGGRESSIVE;
				CLANG_WARN_UNREACHABLE_CODE = YES;
				CLANG_WARN__DUPLICATE_METHOD_MATCH = YES;
				COPY_PHASE_STRIP = NO;
				DEBUG_INFORMATION_FORMAT = dwarf;
				ENABLE_STRICT_OBJC_MSGSEND = YES;
				ENABLE_TESTABILITY = YES;
				ENABLE_USER_SCRIPT_SANDBOXING = YES;
				GCC_C_LANGUAGE_STANDARD = gnu17;
				GCC_DYNAMIC_NO_PIC = NO;
				GCC_NO_COMMON_BLOCKS = YES;
				GCC_OPTIMIZATION_LEVEL = 0;
				GCC_PREPROCESSOR_DEFINITIONS = (
					"DEBUG=1",
					"$(inherited)",
				);
				GCC_WARN_64_TO_32_BIT_CONVERSION = YES;
				GCC_WARN_ABOUT_RETURN_TYPE = YES_ERROR;
				GCC_WARN_UNDECLARED_SELECTOR = YES;
				GCC_WARN_UNINITIALIZED_AUTOS = YES_AGGRESSIVE;
				GCC_WARN_UNUSED_FUNCTION = YES;
				GCC_WARN_UNUSED_VARIABLE = YES;
				IPHONEOS_DEPLOYMENT_TARGET = 17.5;
				LOCALIZATION_PREFERS_STRING_CATALOGS = YES;
				MTL_ENABLE_DEBUG_INFO = INCLUDE_SOURCE;
				MTL_FAST_MATH = YES;
				ONLY_ACTIVE_ARCH = YES;
				SDKROOT = iphoneos;
				SWIFT_ACTIVE_COMPILATION_CONDITIONS = "DEBUG $(inherited)";
				SWIFT_OPTIMIZATION_LEVEL = "-Onone";
			};
			name = Debug;
		};
		A5D54C872C38CA84004249E1 /* Release */ = {
			isa = XCBuildConfiguration;
			buildSettings = {
				ALWAYS_SEARCH_USER_PATHS = NO;
				ASSETCATALOG_COMPILER_GENERATE_SWIFT_ASSET_SYMBOL_EXTENSIONS = YES;
				CLANG_ANALYZER_NONNULL = YES;
				CLANG_ANALYZER_NUMBER_OBJECT_CONVERSION = YES_AGGRESSIVE;
				CLANG_CXX_LANGUAGE_STANDARD = "gnu++20";
				CLANG_ENABLE_MODULES = YES;
				CLANG_ENABLE_OBJC_ARC = YES;
				CLANG_ENABLE_OBJC_WEAK = YES;
				CLANG_WARN_BLOCK_CAPTURE_AUTORELEASING = YES;
				CLANG_WARN_BOOL_CONVERSION = YES;
				CLANG_WARN_COMMA = YES;
				CLANG_WARN_CONSTANT_CONVERSION = YES;
				CLANG_WARN_DEPRECATED_OBJC_IMPLEMENTATIONS = YES;
				CLANG_WARN_DIRECT_OBJC_ISA_USAGE = YES_ERROR;
				CLANG_WARN_DOCUMENTATION_COMMENTS = YES;
				CLANG_WARN_EMPTY_BODY = YES;
				CLANG_WARN_ENUM_CONVERSION = YES;
				CLANG_WARN_INFINITE_RECURSION = YES;
				CLANG_WARN_INT_CONVERSION = YES;
				CLANG_WARN_NON_LITERAL_NULL_CONVERSION = YES;
				CLANG_WARN_OBJC_IMPLICIT_RETAIN_SELF = YES;
				CLANG_WARN_OBJC_LITERAL_CONVERSION = YES;
				CLANG_WARN_OBJC_ROOT_CLASS = YES_ERROR;
				CLANG_WARN_QUOTED_INCLUDE_IN_FRAMEWORK_HEADER = YES;
				CLANG_WARN_RANGE_LOOP_ANALYSIS = YES;
				CLANG_WARN_STRICT_PROTOTYPES = YES;
				CLANG_WARN_SUSPICIOUS_MOVE = YES;
				CLANG_WARN_UNGUARDED_AVAILABILITY = YES_AGGRESSIVE;
				CLANG_WARN_UNREACHABLE_CODE = YES;
				CLANG_WARN__DUPLICATE_METHOD_MATCH = YES;
				COPY_PHASE_STRIP = NO;
				DEBUG_INFORMATION_FORMAT = "dwarf-with-dsym";
				ENABLE_NS_ASSERTIONS = NO;
				ENABLE_STRICT_OBJC_MSGSEND = YES;
				ENABLE_USER_SCRIPT_SANDBOXING = YES;
				GCC_C_LANGUAGE_STANDARD = gnu17;
				GCC_NO_COMMON_BLOCKS = YES;
				GCC_WARN_64_TO_32_BIT_CONVERSION = YES;
				GCC_WARN_ABOUT_RETURN_TYPE = YES_ERROR;
				GCC_WARN_UNDECLARED_SELECTOR = YES;
				GCC_WARN_UNINITIALIZED_AUTOS = YES_AGGRESSIVE;
				GCC_WARN_UNUSED_FUNCTION = YES;
				GCC_WARN_UNUSED_VARIABLE = YES;
				IPHONEOS_DEPLOYMENT_TARGET = 17.5;
				LOCALIZATION_PREFERS_STRING_CATALOGS = YES;
				MTL_ENABLE_DEBUG_INFO = NO;
				MTL_FAST_MATH = YES;
				SDKROOT = iphoneos;
				SWIFT_COMPILATION_MODE = wholemodule;
				VALIDATE_PRODUCT = YES;
			};
			name = Release;
		};
		A5D54C892C38CA84004249E1 /* Debug */ = {
			isa = XCBuildConfiguration;
			buildSettings = {
				ASSETCATALOG_COMPILER_APPICON_NAME = AppIcon;
				ASSETCATALOG_COMPILER_GLOBAL_ACCENT_COLOR_NAME = AccentColor;
				CODE_SIGN_STYLE = Automatic;
				CURRENT_PROJECT_VERSION = 1;
				DEVELOPMENT_ASSET_PATHS = "\"OSU Guide Book/Preview Content\"";
				DEVELOPMENT_TEAM = 9YCQWGL3Y9;
				ENABLE_PREVIEWS = YES;
				GENERATE_INFOPLIST_FILE = YES;
				INFOPLIST_KEY_UIApplicationSceneManifest_Generation = YES;
				INFOPLIST_KEY_UIApplicationSupportsIndirectInputEvents = YES;
				INFOPLIST_KEY_UILaunchScreen_Generation = YES;
				INFOPLIST_KEY_UISupportedInterfaceOrientations_iPad = "UIInterfaceOrientationPortrait UIInterfaceOrientationPortraitUpsideDown UIInterfaceOrientationLandscapeLeft UIInterfaceOrientationLandscapeRight";
				INFOPLIST_KEY_UISupportedInterfaceOrientations_iPhone = "UIInterfaceOrientationPortrait UIInterfaceOrientationLandscapeLeft UIInterfaceOrientationLandscapeRight";
				LD_RUNPATH_SEARCH_PATHS = (
					"$(inherited)",
					"@executable_path/Frameworks",
				);
				MARKETING_VERSION = 1.0;
				PRODUCT_BUNDLE_IDENTIFIER = "com.Adilamanmohammed.OSU-Guide-Book";
				PRODUCT_NAME = "$(TARGET_NAME)";
				SWIFT_EMIT_LOC_STRINGS = YES;
				SWIFT_VERSION = 5.0;
				TARGETED_DEVICE_FAMILY = "1,2";
			};
			name = Debug;
		};
		A5D54C8A2C38CA84004249E1 /* Release */ = {
			isa = XCBuildConfiguration;
			buildSettings = {
				ASSETCATALOG_COMPILER_APPICON_NAME = AppIcon;
				ASSETCATALOG_COMPILER_GLOBAL_ACCENT_COLOR_NAME = AccentColor;
				CODE_SIGN_STYLE = Automatic;
				CURRENT_PROJECT_VERSION = 1;
				DEVELOPMENT_ASSET_PATHS = "\"OSU Guide Book/Preview Content\"";
				DEVELOPMENT_TEAM = 9YCQWGL3Y9;
				ENABLE_PREVIEWS = YES;
				GENERATE_INFOPLIST_FILE = YES;
				INFOPLIST_KEY_UIApplicationSceneManifest_Generation = YES;
				INFOPLIST_KEY_UIApplicationSupportsIndirectInputEvents = YES;
				INFOPLIST_KEY_UILaunchScreen_Generation = YES;
				INFOPLIST_KEY_UISupportedInterfaceOrientations_iPad = "UIInterfaceOrientationPortrait UIInterfaceOrientationPortraitUpsideDown UIInterfaceOrientationLandscapeLeft UIInterfaceOrientationLandscapeRight";
				INFOPLIST_KEY_UISupportedInterfaceOrientations_iPhone = "UIInterfaceOrientationPortrait UIInterfaceOrientationLandscapeLeft UIInterfaceOrientationLandscapeRight";
				LD_RUNPATH_SEARCH_PATHS = (
					"$(inherited)",
					"@executable_path/Frameworks",
				);
				MARKETING_VERSION = 1.0;
				PRODUCT_BUNDLE_IDENTIFIER = "com.Adilamanmohammed.OSU-Guide-Book";
				PRODUCT_NAME = "$(TARGET_NAME)";
				SWIFT_EMIT_LOC_STRINGS = YES;
				SWIFT_VERSION = 5.0;
				TARGETED_DEVICE_FAMILY = "1,2";
			};
			name = Release;
		};
/* End XCBuildConfiguration section */

/* Begin XCConfigurationList section */
		A5D54C752C38CA83004249E1 /* Build configuration list for PBXProject "OSU Guide Book" */ = {
			isa = XCConfigurationList;
			buildConfigurations = (
				A5D54C862C38CA84004249E1 /* Debug */,
				A5D54C872C38CA84004249E1 /* Release */,
			);
			defaultConfigurationIsVisible = 0;
			defaultConfigurationName = Release;
		};
		A5D54C882C38CA84004249E1 /* Build configuration list for PBXNativeTarget "OSU Guide Book" */ = {
			isa = XCConfigurationList;
			buildConfigurations = (
				A5D54C892C38CA84004249E1 /* Debug */,
				A5D54C8A2C38CA84004249E1 /* Release */,
			);
			defaultConfigurationIsVisible = 0;
			defaultConfigurationName = Release;
		};
/* End XCConfigurationList section */
	};
	rootObject = A5D54C722C38CA83004249E1 /* Project object */;
}
